PODS:
  - Flutter (1.0.0)
  - flutter_barcode_scanner (2.0.0):
    - Flutter
  - fluttertoast (0.0.2):
    - Flutter
    - Toast
  - hexcolor (0.0.1):
    - Flutter
  - Toast (4.0.0)

DEPENDENCIES:
  - Flutter (from `Flutter`)
  - flutter_barcode_scanner (from `.symlinks/plugins/flutter_barcode_scanner/ios`)
  - fluttertoast (from `.symlinks/plugins/fluttertoast/ios`)
  - hexcolor (from `.symlinks/plugins/hexcolor/ios`)

SPEC REPOS:
  trunk:
    - Toast

EXTERNAL SOURCES:
  Flutter:
    :path: Flutter
  flutter_barcode_scanner:
    :path: ".symlinks/plugins/flutter_barcode_scanner/ios"
  fluttertoast:
    :path: ".symlinks/plugins/fluttertoast/ios"
  hexcolor:
    :path: ".symlinks/plugins/hexcolor/ios"

SPEC CHECKSUMS:
  Flutter: 434fef37c0980e73bb6479ef766c45957d4b510c
  flutter_barcode_scanner: 7a1144744c28dc0c57a8de7218ffe5ec59a9e4bf
  fluttertoast: 6122fa75143e992b1d3470f61000f591a798cc58
  hexcolor: fdfb9c4258ad96e949c2dbcdf790a62194b8aa89
  Toast: 91b396c56ee72a5790816f40d3a94dd357abc196

PODFILE CHECKSUM: aafe91acc616949ddb318b77800a7f51bffa2a4c

COCOAPODS: 1.10.1
